
Microsoft Visual Studio Solution File, Format Version 12.00
# Visual Studio 15
VisualStudioVersion = 15.0.28010.2050
MinimumVisualStudioVersion = 10.0.40219.1
Project("{F184B08F-C81C-45F6-A57F-5ABD9991F28F}") = "MentorApplication", "MentorApplication\MentorApplication.vbproj", "{826F4E0D-5C75-4C96-86D0-034F4D9996E7}"
EndProject
Global
	GlobalSection(SolutionConfigurationPlatforms) = preSolution
		Debug|Any CPU = Debug|Any CPU
		Release|Any CPU = Release|Any CPU
	EndGlobalSection
	GlobalSection(ProjectConfigurationPlatforms) = postSolution
		{826F4E0D-5C75-4C96-86D0-034F4D9996E7}.Debug|Any CPU.ActiveCfg = Debug|Any CPU
		{826F4E0D-5C75-4C96-86D0-034F4D9996E7}.Debug|Any CPU.Build.0 = Debug|Any CPU
		{826F4E0D-5C75-4C96-86D0-034F4D9996E7}.Release|Any CPU.ActiveCfg = Release|Any CPU
		{826F4E0D-5C75-4C96-86D0-034F4D9996E7}.Release|Any CPU.Build.0 = Release|Any CPU
	EndGlobalSection
	GlobalSection(SolutionProperties) = preSolution
		HideSolutionNode = FALSE
	EndGlobalSection
	GlobalSection(ExtensibilityGlobals) = postSolution
		SolutionGuid = {2BF8F20A-7F13-41D0-9A24-5379925155FE}
	EndGlobalSection
EndGlobal
